{
  "version": 2,
  "packages": {
    "tinyre": {
      "version": "1.5.2",
      "vcsRevision": "352cfd6a350cc1110c379559c2a8d0dd530de7fd",
      "url": "https://github.com/khchen/tinyre.git",
      "downloadMethod": "git",
      "dependencies": [],
      "checksums": {
        "sha1": "85bc2920d5a38af80da3bf5000b07d31aae48f7a"
      }
    },
    "nimcolor": {
      "version": "0.1.6",
      "vcsRevision": "59e88627bfd8628d39f9087bb72c761546c032dd",
      "url": "https://github.com/JessaTehCrow/NimColor",
      "downloadMethod": "git",
      "dependencies": [],
      "checksums": {
        "sha1": "6bba8b6e734884b55f55b6815dfcb2735a72878b"
      }
    },
    "cmdos": {
      "version": "2.0.1",
      "vcsRevision": "2c7e7bf5758893f5dc33aa8bd68c6bbb76b6a490",
      "url": "https://github.com/farias-hecdin/Cmdos",
      "downloadMethod": "git",
      "dependencies": [
        "tinyre"
      ],
      "checksums": {
        "sha1": "6fd86bdf8bf743712502c9779da808d5c83a68dc"
      }
    }
  },
  "tasks": {}
}
